# THIS IS AN AUTOGENERATED FILE. DO NOT EDIT THIS FILE DIRECTLY.
# yarn lockfile v1


"@types/byte-size@^8.1.0":
  version "8.1.0"
  resolved "https://registry.yarnpkg.com/@types/byte-size/-/byte-size-8.1.0.tgz#013a3995d1ff2d85ad27da0801029f13328bd91b"
  integrity sha512-LCIlZh8vyx+I2fgRycE1D34c33QDppYY6quBYYoaOpQ1nGhJ/avSP2VlrAefVotjJxgSk6WkKo0rTcCJwGG7vA==
